
Microsoft Visual Studio Solution File, Format Version 12.00
# Visual Studio Version 16
VisualStudioVersion = 16.0.810.17
MinimumVisualStudioVersion = 10.0.40219.1
Project("{FAE04EC0-301F-11D3-BF4B-00C04F79EFBC}") = "001-SintaxisBasica", "01-SintaxisBasica\001-SintaxisBasica.csproj", "{458244CF-4276-4EB0-AAEE-1EE298265859}"
EndProject
Project("{FAE04EC0-301F-11D3-BF4B-00C04F79EFBC}") = "01", "1\01.csproj", "{C6877C0A-B5DC-4799-BD91-BA832C320250}"
EndProject
Project("{FAE04EC0-301F-11D3-BF4B-00C04F79EFBC}") = "02", "2\02.csproj", "{421C1DD1-06C1-4BF2-905D-C0660CB20045}"
EndProject
Project("{FAE04EC0-301F-11D3-BF4B-00C04F79EFBC}") = "03", "3\03.csproj", "{FBED8F44-6C96-4816-B84D-56E95EB4748E}"
EndProject
Project("{FAE04EC0-301F-11D3-BF4B-00C04F79EFBC}") = "04", "4\04.csproj", "{3305EFDD-E7B4-4E97-9785-B75D6C66DDC5}"
EndProject
Project("{FAE04EC0-301F-11D3-BF4B-00C04F79EFBC}") = "05", "5\05.csproj", "{428F1A37-5117-4BA3-821E-4BBACD7F1507}"
EndProject
Project("{FAE04EC0-301F-11D3-BF4B-00C04F79EFBC}") = "06", "6\06.csproj", "{5685702E-902C-4660-A2ED-2447ECAD3B43}"
EndProject
Project("{FAE04EC0-301F-11D3-BF4B-00C04F79EFBC}") = "07", "7\07.csproj", "{FFF83413-2256-4A6E-BC04-AB3873269012}"
EndProject
Project("{FAE04EC0-301F-11D3-BF4B-00C04F79EFBC}") = "08", "8\08.csproj", "{FD008386-2F98-4224-A74F-2FFA09ED59F9}"
EndProject
Project("{FAE04EC0-301F-11D3-BF4B-00C04F79EFBC}") = "09", "9\09.csproj", "{56DD86FF-83C4-409C-AEFB-6DA1A70A3135}"
EndProject
Project("{FAE04EC0-301F-11D3-BF4B-00C04F79EFBC}") = "10", "10\10.csproj", "{D8BDD844-F18A-40FE-95A7-E69100672EDD}"
EndProject
Project("{FAE04EC0-301F-11D3-BF4B-00C04F79EFBC}") = "11", "11\11.csproj", "{A5EF6B18-CFEC-4414-A633-E96F96D4E5BD}"
EndProject
Project("{FAE04EC0-301F-11D3-BF4B-00C04F79EFBC}") = "12", "12\12.csproj", "{98D6C599-74CE-45E3-8AC0-CA24B9F7CD1D}"
EndProject
Project("{FAE04EC0-301F-11D3-BF4B-00C04F79EFBC}") = "13", "13\13.csproj", "{2B9185A9-28BB-4E78-BFCA-206E79A12ABD}"
EndProject
Project("{FAE04EC0-301F-11D3-BF4B-00C04F79EFBC}") = "14", "14\14.csproj", "{4D18DE8C-6166-4EEF-B858-9CB312106D54}"
EndProject
Project("{FAE04EC0-301F-11D3-BF4B-00C04F79EFBC}") = "15", "15\15.csproj", "{F8464873-D079-475E-81A1-F128FF42043A}"
EndProject
Project("{FAE04EC0-301F-11D3-BF4B-00C04F79EFBC}") = "16", "16\16.csproj", "{48F79274-8CEF-419C-8947-49A71459E813}"
EndProject
Project("{FAE04EC0-301F-11D3-BF4B-00C04F79EFBC}") = "17", "17\17.csproj", "{AB8DE6B6-A3B0-4432-9007-73E86E2E3D3F}"
EndProject
Project("{FAE04EC0-301F-11D3-BF4B-00C04F79EFBC}") = "18", "18\18.csproj", "{F7A5AC6A-F2C0-45FA-B1D0-061533EBD40D}"
EndProject
Project("{FAE04EC0-301F-11D3-BF4B-00C04F79EFBC}") = "19", "19\19.csproj", "{D8584C25-0902-4273-9B7C-0D86E75D29A0}"
EndProject
Project("{FAE04EC0-301F-11D3-BF4B-00C04F79EFBC}") = "20", "20\20.csproj", "{87639D35-AB60-4116-9FA2-977D822A2F3C}"
EndProject
Project("{FAE04EC0-301F-11D3-BF4B-00C04F79EFBC}") = "21", "21\21.csproj", "{8542A165-7428-4504-85F9-3C35C3955122}"
EndProject
Project("{FAE04EC0-301F-11D3-BF4B-00C04F79EFBC}") = "S01", "S01\S01.csproj", "{96EE38F1-F977-400A-AB4E-4759E8AFF541}"
EndProject
Project("{FAE04EC0-301F-11D3-BF4B-00C04F79EFBC}") = "S02", "S02\S02.csproj", "{44CF3E6F-ED84-4A5D-9287-03F6655E2551}"
EndProject
Project("{FAE04EC0-301F-11D3-BF4B-00C04F79EFBC}") = "S03", "S03\S03.csproj", "{D22D7E7F-E54E-469E-B97E-E182BD68F795}"
EndProject
Project("{FAE04EC0-301F-11D3-BF4B-00C04F79EFBC}") = "S04", "S04\S04.csproj", "{F28ADED2-51F4-4C87-80FB-7B3DAF9F989F}"
EndProject
Project("{FAE04EC0-301F-11D3-BF4B-00C04F79EFBC}") = "S05", "S05\S05.csproj", "{B9C208CA-94FE-4F9D-90F2-AB24AB737D86}"
EndProject
Project("{FAE04EC0-301F-11D3-BF4B-00C04F79EFBC}") = "S06", "S06\S06.csproj", "{E6483C88-B9C3-4E09-A238-1297BEC5B2AC}"
EndProject
Project("{FAE04EC0-301F-11D3-BF4B-00C04F79EFBC}") = "S07", "S07\S07.csproj", "{04ED01F3-FD81-464F-BE62-C5B519BB642D}"
EndProject
Project("{FAE04EC0-301F-11D3-BF4B-00C04F79EFBC}") = "S08", "S08\S08.csproj", "{A0B42163-E839-4851-B7A9-34261EC06AAB}"
EndProject
Global
	GlobalSection(SolutionConfigurationPlatforms) = preSolution
		Debug|Any CPU = Debug|Any CPU
		Release|Any CPU = Release|Any CPU
	EndGlobalSection
	GlobalSection(ProjectConfigurationPlatforms) = postSolution
		{458244CF-4276-4EB0-AAEE-1EE298265859}.Debug|Any CPU.ActiveCfg = Debug|Any CPU
		{458244CF-4276-4EB0-AAEE-1EE298265859}.Debug|Any CPU.Build.0 = Debug|Any CPU
		{458244CF-4276-4EB0-AAEE-1EE298265859}.Release|Any CPU.ActiveCfg = Release|Any CPU
		{458244CF-4276-4EB0-AAEE-1EE298265859}.Release|Any CPU.Build.0 = Release|Any CPU
		{C6877C0A-B5DC-4799-BD91-BA832C320250}.Debug|Any CPU.ActiveCfg = Debug|Any CPU
		{C6877C0A-B5DC-4799-BD91-BA832C320250}.Debug|Any CPU.Build.0 = Debug|Any CPU
		{C6877C0A-B5DC-4799-BD91-BA832C320250}.Release|Any CPU.ActiveCfg = Release|Any CPU
		{C6877C0A-B5DC-4799-BD91-BA832C320250}.Release|Any CPU.Build.0 = Release|Any CPU
		{421C1DD1-06C1-4BF2-905D-C0660CB20045}.Debug|Any CPU.ActiveCfg = Debug|Any CPU
		{421C1DD1-06C1-4BF2-905D-C0660CB20045}.Debug|Any CPU.Build.0 = Debug|Any CPU
		{421C1DD1-06C1-4BF2-905D-C0660CB20045}.Release|Any CPU.ActiveCfg = Release|Any CPU
		{421C1DD1-06C1-4BF2-905D-C0660CB20045}.Release|Any CPU.Build.0 = Release|Any CPU
		{FBED8F44-6C96-4816-B84D-56E95EB4748E}.Debug|Any CPU.ActiveCfg = Debug|Any CPU
		{FBED8F44-6C96-4816-B84D-56E95EB4748E}.Debug|Any CPU.Build.0 = Debug|Any CPU
		{FBED8F44-6C96-4816-B84D-56E95EB4748E}.Release|Any CPU.ActiveCfg = Release|Any CPU
		{FBED8F44-6C96-4816-B84D-56E95EB4748E}.Release|Any CPU.Build.0 = Release|Any CPU
		{3305EFDD-E7B4-4E97-9785-B75D6C66DDC5}.Debug|Any CPU.ActiveCfg = Debug|Any CPU
		{3305EFDD-E7B4-4E97-9785-B75D6C66DDC5}.Debug|Any CPU.Build.0 = Debug|Any CPU
		{3305EFDD-E7B4-4E97-9785-B75D6C66DDC5}.Release|Any CPU.ActiveCfg = Release|Any CPU
		{3305EFDD-E7B4-4E97-9785-B75D6C66DDC5}.Release|Any CPU.Build.0 = Release|Any CPU
		{428F1A37-5117-4BA3-821E-4BBACD7F1507}.Debug|Any CPU.ActiveCfg = Debug|Any CPU
		{428F1A37-5117-4BA3-821E-4BBACD7F1507}.Debug|Any CPU.Build.0 = Debug|Any CPU
		{428F1A37-5117-4BA3-821E-4BBACD7F1507}.Release|Any CPU.ActiveCfg = Release|Any CPU
		{428F1A37-5117-4BA3-821E-4BBACD7F1507}.Release|Any CPU.Build.0 = Release|Any CPU
		{5685702E-902C-4660-A2ED-2447ECAD3B43}.Debug|Any CPU.ActiveCfg = Debug|Any CPU
		{5685702E-902C-4660-A2ED-2447ECAD3B43}.Debug|Any CPU.Build.0 = Debug|Any CPU
		{5685702E-902C-4660-A2ED-2447ECAD3B43}.Release|Any CPU.ActiveCfg = Release|Any CPU
		{5685702E-902C-4660-A2ED-2447ECAD3B43}.Release|Any CPU.Build.0 = Release|Any CPU
		{FFF83413-2256-4A6E-BC04-AB3873269012}.Debug|Any CPU.ActiveCfg = Debug|Any CPU
		{FFF83413-2256-4A6E-BC04-AB3873269012}.Debug|Any CPU.Build.0 = Debug|Any CPU
		{FFF83413-2256-4A6E-BC04-AB3873269012}.Release|Any CPU.ActiveCfg = Release|Any CPU
		{FFF83413-2256-4A6E-BC04-AB3873269012}.Release|Any CPU.Build.0 = Release|Any CPU
		{FD008386-2F98-4224-A74F-2FFA09ED59F9}.Debug|Any CPU.ActiveCfg = Debug|Any CPU
		{FD008386-2F98-4224-A74F-2FFA09ED59F9}.Debug|Any CPU.Build.0 = Debug|Any CPU
		{FD008386-2F98-4224-A74F-2FFA09ED59F9}.Release|Any CPU.ActiveCfg = Release|Any CPU
		{FD008386-2F98-4224-A74F-2FFA09ED59F9}.Release|Any CPU.Build.0 = Release|Any CPU
		{56DD86FF-83C4-409C-AEFB-6DA1A70A3135}.Debug|Any CPU.ActiveCfg = Debug|Any CPU
		{56DD86FF-83C4-409C-AEFB-6DA1A70A3135}.Debug|Any CPU.Build.0 = Debug|Any CPU
		{56DD86FF-83C4-409C-AEFB-6DA1A70A3135}.Release|Any CPU.ActiveCfg = Release|Any CPU
		{56DD86FF-83C4-409C-AEFB-6DA1A70A3135}.Release|Any CPU.Build.0 = Release|Any CPU
		{D8BDD844-F18A-40FE-95A7-E69100672EDD}.Debug|Any CPU.ActiveCfg = Debug|Any CPU
		{D8BDD844-F18A-40FE-95A7-E69100672EDD}.Debug|Any CPU.Build.0 = Debug|Any CPU
		{D8BDD844-F18A-40FE-95A7-E69100672EDD}.Release|Any CPU.ActiveCfg = Release|Any CPU
		{D8BDD844-F18A-40FE-95A7-E69100672EDD}.Release|Any CPU.Build.0 = Release|Any CPU
		{A5EF6B18-CFEC-4414-A633-E96F96D4E5BD}.Debug|Any CPU.ActiveCfg = Debug|Any CPU
		{A5EF6B18-CFEC-4414-A633-E96F96D4E5BD}.Debug|Any CPU.Build.0 = Debug|Any CPU
		{A5EF6B18-CFEC-4414-A633-E96F96D4E5BD}.Release|Any CPU.ActiveCfg = Release|Any CPU
		{A5EF6B18-CFEC-4414-A633-E96F96D4E5BD}.Release|Any CPU.Build.0 = Release|Any CPU
		{98D6C599-74CE-45E3-8AC0-CA24B9F7CD1D}.Debug|Any CPU.ActiveCfg = Debug|Any CPU
		{98D6C599-74CE-45E3-8AC0-CA24B9F7CD1D}.Debug|Any CPU.Build.0 = Debug|Any CPU
		{98D6C599-74CE-45E3-8AC0-CA24B9F7CD1D}.Release|Any CPU.ActiveCfg = Release|Any CPU
		{98D6C599-74CE-45E3-8AC0-CA24B9F7CD1D}.Release|Any CPU.Build.0 = Release|Any CPU
		{2B9185A9-28BB-4E78-BFCA-206E79A12ABD}.Debug|Any CPU.ActiveCfg = Debug|Any CPU
		{2B9185A9-28BB-4E78-BFCA-206E79A12ABD}.Debug|Any CPU.Build.0 = Debug|Any CPU
		{2B9185A9-28BB-4E78-BFCA-206E79A12ABD}.Release|Any CPU.ActiveCfg = Release|Any CPU
		{2B9185A9-28BB-4E78-BFCA-206E79A12ABD}.Release|Any CPU.Build.0 = Release|Any CPU
		{4D18DE8C-6166-4EEF-B858-9CB312106D54}.Debug|Any CPU.ActiveCfg = Debug|Any CPU
		{4D18DE8C-6166-4EEF-B858-9CB312106D54}.Debug|Any CPU.Build.0 = Debug|Any CPU
		{4D18DE8C-6166-4EEF-B858-9CB312106D54}.Release|Any CPU.ActiveCfg = Release|Any CPU
		{4D18DE8C-6166-4EEF-B858-9CB312106D54}.Release|Any CPU.Build.0 = Release|Any CPU
		{F8464873-D079-475E-81A1-F128FF42043A}.Debug|Any CPU.ActiveCfg = Debug|Any CPU
		{F8464873-D079-475E-81A1-F128FF42043A}.Debug|Any CPU.Build.0 = Debug|Any CPU
		{F8464873-D079-475E-81A1-F128FF42043A}.Release|Any CPU.ActiveCfg = Release|Any CPU
		{F8464873-D079-475E-81A1-F128FF42043A}.Release|Any CPU.Build.0 = Release|Any CPU
		{48F79274-8CEF-419C-8947-49A71459E813}.Debug|Any CPU.ActiveCfg = Debug|Any CPU
		{48F79274-8CEF-419C-8947-49A71459E813}.Debug|Any CPU.Build.0 = Debug|Any CPU
		{48F79274-8CEF-419C-8947-49A71459E813}.Release|Any CPU.ActiveCfg = Release|Any CPU
		{48F79274-8CEF-419C-8947-49A71459E813}.Release|Any CPU.Build.0 = Release|Any CPU
		{AB8DE6B6-A3B0-4432-9007-73E86E2E3D3F}.Debug|Any CPU.ActiveCfg = Debug|Any CPU
		{AB8DE6B6-A3B0-4432-9007-73E86E2E3D3F}.Debug|Any CPU.Build.0 = Debug|Any CPU
		{AB8DE6B6-A3B0-4432-9007-73E86E2E3D3F}.Release|Any CPU.ActiveCfg = Release|Any CPU
		{AB8DE6B6-A3B0-4432-9007-73E86E2E3D3F}.Release|Any CPU.Build.0 = Release|Any CPU
		{F7A5AC6A-F2C0-45FA-B1D0-061533EBD40D}.Debug|Any CPU.ActiveCfg = Debug|Any CPU
		{F7A5AC6A-F2C0-45FA-B1D0-061533EBD40D}.Debug|Any CPU.Build.0 = Debug|Any CPU
		{F7A5AC6A-F2C0-45FA-B1D0-061533EBD40D}.Release|Any CPU.ActiveCfg = Release|Any CPU
		{F7A5AC6A-F2C0-45FA-B1D0-061533EBD40D}.Release|Any CPU.Build.0 = Release|Any CPU
		{D8584C25-0902-4273-9B7C-0D86E75D29A0}.Debug|Any CPU.ActiveCfg = Debug|Any CPU
		{D8584C25-0902-4273-9B7C-0D86E75D29A0}.Debug|Any CPU.Build.0 = Debug|Any CPU
		{D8584C25-0902-4273-9B7C-0D86E75D29A0}.Release|Any CPU.ActiveCfg = Release|Any CPU
		{D8584C25-0902-4273-9B7C-0D86E75D29A0}.Release|Any CPU.Build.0 = Release|Any CPU
		{87639D35-AB60-4116-9FA2-977D822A2F3C}.Debug|Any CPU.ActiveCfg = Debug|Any CPU
		{87639D35-AB60-4116-9FA2-977D822A2F3C}.Debug|Any CPU.Build.0 = Debug|Any CPU
		{87639D35-AB60-4116-9FA2-977D822A2F3C}.Release|Any CPU.ActiveCfg = Release|Any CPU
		{87639D35-AB60-4116-9FA2-977D822A2F3C}.Release|Any CPU.Build.0 = Release|Any CPU
		{8542A165-7428-4504-85F9-3C35C3955122}.Debug|Any CPU.ActiveCfg = Debug|Any CPU
		{8542A165-7428-4504-85F9-3C35C3955122}.Debug|Any CPU.Build.0 = Debug|Any CPU
		{8542A165-7428-4504-85F9-3C35C3955122}.Release|Any CPU.ActiveCfg = Release|Any CPU
		{8542A165-7428-4504-85F9-3C35C3955122}.Release|Any CPU.Build.0 = Release|Any CPU
		{96EE38F1-F977-400A-AB4E-4759E8AFF541}.Debug|Any CPU.ActiveCfg = Debug|Any CPU
		{96EE38F1-F977-400A-AB4E-4759E8AFF541}.Debug|Any CPU.Build.0 = Debug|Any CPU
		{96EE38F1-F977-400A-AB4E-4759E8AFF541}.Release|Any CPU.ActiveCfg = Release|Any CPU
		{96EE38F1-F977-400A-AB4E-4759E8AFF541}.Release|Any CPU.Build.0 = Release|Any CPU
		{44CF3E6F-ED84-4A5D-9287-03F6655E2551}.Debug|Any CPU.ActiveCfg = Debug|Any CPU
		{44CF3E6F-ED84-4A5D-9287-03F6655E2551}.Debug|Any CPU.Build.0 = Debug|Any CPU
		{44CF3E6F-ED84-4A5D-9287-03F6655E2551}.Release|Any CPU.ActiveCfg = Release|Any CPU
		{44CF3E6F-ED84-4A5D-9287-03F6655E2551}.Release|Any CPU.Build.0 = Release|Any CPU
		{D22D7E7F-E54E-469E-B97E-E182BD68F795}.Debug|Any CPU.ActiveCfg = Debug|Any CPU
		{D22D7E7F-E54E-469E-B97E-E182BD68F795}.Debug|Any CPU.Build.0 = Debug|Any CPU
		{D22D7E7F-E54E-469E-B97E-E182BD68F795}.Release|Any CPU.ActiveCfg = Release|Any CPU
		{D22D7E7F-E54E-469E-B97E-E182BD68F795}.Release|Any CPU.Build.0 = Release|Any CPU
		{F28ADED2-51F4-4C87-80FB-7B3DAF9F989F}.Debug|Any CPU.ActiveCfg = Debug|Any CPU
		{F28ADED2-51F4-4C87-80FB-7B3DAF9F989F}.Debug|Any CPU.Build.0 = Debug|Any CPU
		{F28ADED2-51F4-4C87-80FB-7B3DAF9F989F}.Release|Any CPU.ActiveCfg = Release|Any CPU
		{F28ADED2-51F4-4C87-80FB-7B3DAF9F989F}.Release|Any CPU.Build.0 = Release|Any CPU
		{B9C208CA-94FE-4F9D-90F2-AB24AB737D86}.Debug|Any CPU.ActiveCfg = Debug|Any CPU
		{B9C208CA-94FE-4F9D-90F2-AB24AB737D86}.Debug|Any CPU.Build.0 = Debug|Any CPU
		{B9C208CA-94FE-4F9D-90F2-AB24AB737D86}.Release|Any CPU.ActiveCfg = Release|Any CPU
		{B9C208CA-94FE-4F9D-90F2-AB24AB737D86}.Release|Any CPU.Build.0 = Release|Any CPU
		{E6483C88-B9C3-4E09-A238-1297BEC5B2AC}.Debug|Any CPU.ActiveCfg = Debug|Any CPU
		{E6483C88-B9C3-4E09-A238-1297BEC5B2AC}.Debug|Any CPU.Build.0 = Debug|Any CPU
		{E6483C88-B9C3-4E09-A238-1297BEC5B2AC}.Release|Any CPU.ActiveCfg = Release|Any CPU
		{E6483C88-B9C3-4E09-A238-1297BEC5B2AC}.Release|Any CPU.Build.0 = Release|Any CPU
		{04ED01F3-FD81-464F-BE62-C5B519BB642D}.Debug|Any CPU.ActiveCfg = Debug|Any CPU
		{04ED01F3-FD81-464F-BE62-C5B519BB642D}.Debug|Any CPU.Build.0 = Debug|Any CPU
		{04ED01F3-FD81-464F-BE62-C5B519BB642D}.Release|Any CPU.ActiveCfg = Release|Any CPU
		{04ED01F3-FD81-464F-BE62-C5B519BB642D}.Release|Any CPU.Build.0 = Release|Any CPU
		{A0B42163-E839-4851-B7A9-34261EC06AAB}.Debug|Any CPU.ActiveCfg = Debug|Any CPU
		{A0B42163-E839-4851-B7A9-34261EC06AAB}.Debug|Any CPU.Build.0 = Debug|Any CPU
		{A0B42163-E839-4851-B7A9-34261EC06AAB}.Release|Any CPU.ActiveCfg = Release|Any CPU
		{A0B42163-E839-4851-B7A9-34261EC06AAB}.Release|Any CPU.Build.0 = Release|Any CPU
	EndGlobalSection
	GlobalSection(SolutionProperties) = preSolution
		HideSolutionNode = FALSE
	EndGlobalSection
	GlobalSection(ExtensibilityGlobals) = postSolution
		SolutionGuid = {D36D9E36-F4A2-45DE-863D-9426C218F8AB}
	EndGlobalSection
	GlobalSection(MonoDevelopProperties) = preSolution
		Policies = $0
		$0.VersionControlPolicy = $1
		$1.CommitMessageStyle = $2
		$2.IncludeDirectoryPaths = True
	EndGlobalSection
EndGlobal
